
Microsoft Visual Studio Solution File, Format Version 12.00
# Visual Studio Version 17
VisualStudioVersion = 17.0.31903.59
MinimumVisualStudioVersion = 10.0.40219.1
Project("{2150E333-8FDC-42A3-9474-1A3956D46DE8}") = "src", "src", "{996BBA17-AB3D-4D40-9E3F-E0D422627B2A}"
EndProject
Project("{9A19103F-16F7-4668-BE54-9A1E7A4F7556}") = "Api", "src\Api\Api.csproj", "{61DF880D-8568-40FD-9C4F-DA75BB3D0CB2}"
EndProject
Project("{2150E333-8FDC-42A3-9474-1A3956D46DE8}") = "Solution Items", "Solution Items", "{E6088EEC-CCD0-4EA1-B115-E491DFACC940}"
	ProjectSection(SolutionItems) = preProject
		README.md = README.md
	EndProjectSection
EndProject
Project("{E53339B2-1760-4266-BCC7-CA923CBCF16C}") = "docker-compose", "docker-compose.dcproj", "{ADDC43CB-1427-4E37-8DF6-C9B5FE44FC3F}"
EndProject
Global
	GlobalSection(SolutionConfigurationPlatforms) = preSolution
		Debug|Any CPU = Debug|Any CPU
		Release|Any CPU = Release|Any CPU
	EndGlobalSection
	GlobalSection(ProjectConfigurationPlatforms) = postSolution
		{61DF880D-8568-40FD-9C4F-DA75BB3D0CB2}.Debug|Any CPU.ActiveCfg = Debug|Any CPU
		{61DF880D-8568-40FD-9C4F-DA75BB3D0CB2}.Debug|Any CPU.Build.0 = Debug|Any CPU
		{61DF880D-8568-40FD-9C4F-DA75BB3D0CB2}.Release|Any CPU.ActiveCfg = Release|Any CPU
		{61DF880D-8568-40FD-9C4F-DA75BB3D0CB2}.Release|Any CPU.Build.0 = Release|Any CPU
		{ADDC43CB-1427-4E37-8DF6-C9B5FE44FC3F}.Debug|Any CPU.ActiveCfg = Debug|Any CPU
		{ADDC43CB-1427-4E37-8DF6-C9B5FE44FC3F}.Debug|Any CPU.Build.0 = Debug|Any CPU
		{ADDC43CB-1427-4E37-8DF6-C9B5FE44FC3F}.Release|Any CPU.ActiveCfg = Release|Any CPU
		{ADDC43CB-1427-4E37-8DF6-C9B5FE44FC3F}.Release|Any CPU.Build.0 = Release|Any CPU
	EndGlobalSection
	GlobalSection(SolutionProperties) = preSolution
		HideSolutionNode = FALSE
	EndGlobalSection
	GlobalSection(NestedProjects) = preSolution
		{61DF880D-8568-40FD-9C4F-DA75BB3D0CB2} = {996BBA17-AB3D-4D40-9E3F-E0D422627B2A}
	EndGlobalSection
	GlobalSection(ExtensibilityGlobals) = postSolution
		SolutionGuid = {377BB95C-2CE6-4328-B341-590C405D9D98}
	EndGlobalSection
EndGlobal
